{
  "requires": true,
  "lockfileVersion": 1,
  "dependencies": {
    "gitignore-to-dockerignore": {
      "version": "1.0.0",
      "resolved": "https://registry.npmjs.org/gitignore-to-dockerignore/-/gitignore-to-dockerignore-1.0.0.tgz",
      "integrity": "sha512-NPlL7gCDuR0Fked4mZfHLeCriNXAQ7CWaaeak4hjPfn0kUFvKnU5Vrdpbqi1F0d8+R3ZO1rdlu2gNwJWyS6Bdg==",
      "dev": true
    }
  }
}
